
Microsoft Visual Studio Solution File, Format Version 12.00
# Visual Studio Version 16
VisualStudioVersion = 16.0.31321.278
MinimumVisualStudioVersion = 10.0.40219.1
Project("{FAE04EC0-301F-11D3-BF4B-00C04F79EFBC}") = "EShopAdminApplication", "EShopAdminApplication\EShopAdminApplication.csproj", "{A3AB085C-4400-483A-BE72-30891E401E08}"
EndProject
Global
	GlobalSection(SolutionConfigurationPlatforms) = preSolution
		Debug|Any CPU = Debug|Any CPU
		Release|Any CPU = Release|Any CPU
	EndGlobalSection
	GlobalSection(ProjectConfigurationPlatforms) = postSolution
		{A3AB085C-4400-483A-BE72-30891E401E08}.Debug|Any CPU.ActiveCfg = Debug|Any CPU
		{A3AB085C-4400-483A-BE72-30891E401E08}.Debug|Any CPU.Build.0 = Debug|Any CPU
		{A3AB085C-4400-483A-BE72-30891E401E08}.Release|Any CPU.ActiveCfg = Release|Any CPU
		{A3AB085C-4400-483A-BE72-30891E401E08}.Release|Any CPU.Build.0 = Release|Any CPU
	EndGlobalSection
	GlobalSection(SolutionProperties) = preSolution
		HideSolutionNode = FALSE
	EndGlobalSection
	GlobalSection(ExtensibilityGlobals) = postSolution
		SolutionGuid = {5024DEC8-AB01-4F9E-A5FF-048DFEC0CFBA}
	EndGlobalSection
EndGlobal
